{
  "name": "v8",
  "version": "1.0.0",
  "lockfileVersion": 2,
  "requires": true,
  "packages": {
    "": {
      "name": "v8",
      "version": "1.0.0",
      "license": "ISC",
      "dependencies": {
        "@bufbuild/protobuf": "^2.3.0",
        "text-encoding-polyfill": "^0.6.7"
      }
    },
    "node_modules/@bufbuild/protobuf": {
      "version": "2.4.0",
      "resolved": "https://registry.npmjs.org/@bufbuild/protobuf/-/protobuf-2.4.0.tgz",
      "integrity": "sha512-RN9M76x7N11QRihKovEglEjjVCQEA9PRBVnDgk9xw8JHLrcUrp4FpAVSPSH91cNbcTft3u2vpLN4GMbiKY9PJw=="
    },
    "node_modules/text-encoding-polyfill": {
      "version": "0.6.7",
      "resolved": "https://registry.npmjs.org/text-encoding-polyfill/-/text-encoding-polyfill-0.6.7.tgz",
      "integrity": "sha512-/DZ1XJqhbqRkCop6s9ZFu8JrFRwmVuHg4quIRm+ziFkR3N3ec6ck6yBvJ1GYeEQZhLVwRW0rZE+C3SSJpy0RTg=="
    }
  },
  "dependencies": {
    "@bufbuild/protobuf": {
      "version": "2.4.0",
      "resolved": "https://registry.npmjs.org/@bufbuild/protobuf/-/protobuf-2.4.0.tgz",
      "integrity": "sha512-RN9M76x7N11QRihKovEglEjjVCQEA9PRBVnDgk9xw8JHLrcUrp4FpAVSPSH91cNbcTft3u2vpLN4GMbiKY9PJw=="
    },
    "text-encoding-polyfill": {
      "version": "0.6.7",
      "resolved": "https://registry.npmjs.org/text-encoding-polyfill/-/text-encoding-polyfill-0.6.7.tgz",
      "integrity": "sha512-/DZ1XJqhbqRkCop6s9ZFu8JrFRwmVuHg4quIRm+ziFkR3N3ec6ck6yBvJ1GYeEQZhLVwRW0rZE+C3SSJpy0RTg=="
    }
  }
}
