# Generated by buf. DO NOT EDIT.
version: v1
deps:
  - remote: buf.build
    owner: streamingfast
    repository: firehose
    commit: 9d6efa32daca4ea69d36b6a0bd1f2a72
    digest: shake256:b0f2d94a4fed1cea285d685397f49e35a1fa91a36d05b4aee0bfd146cb1b28d1de47ec8b1bda11e6ed06e6c6cf85b2d20a70fcdd289161f2d01f8154e780ce40
